
Microsoft Visual Studio Solution File, Format Version 12.00
Project("{FAE04EC0-301F-11D3-BF4B-00C04F79EFBC}") = "WebApplication", "WebApplication\WebApplication.csproj", "{FE17E354-C515-4C0B-9BC1-C59DD95C45E0}"
EndProject
Global
	GlobalSection(SolutionConfigurationPlatforms) = preSolution
		Debug|Any CPU = Debug|Any CPU
		Release|Any CPU = Release|Any CPU
	EndGlobalSection
	GlobalSection(ProjectConfigurationPlatforms) = postSolution
		{FE17E354-C515-4C0B-9BC1-C59DD95C45E0}.Debug|Any CPU.ActiveCfg = Debug|Any CPU
		{FE17E354-C515-4C0B-9BC1-C59DD95C45E0}.Debug|Any CPU.Build.0 = Debug|Any CPU
		{FE17E354-C515-4C0B-9BC1-C59DD95C45E0}.Release|Any CPU.ActiveCfg = Release|Any CPU
		{FE17E354-C515-4C0B-9BC1-C59DD95C45E0}.Release|Any CPU.Build.0 = Release|Any CPU
	EndGlobalSection
EndGlobal
